{
  "name": "portfolio",
  "lockfileVersion": 3,
  "requires": true,
  "packages": {
    "": {
      "dependencies": {
        "@types/jquery": "^3.5.29",
        "@types/js-cookie": "^3.0.6"
      }
    },
    "node_modules/@types/jquery": {
      "version": "3.5.29",
      "resolved": "https://registry.npmjs.org/@types/jquery/-/jquery-3.5.29.tgz",
      "integrity": "sha512-oXQQC9X9MOPRrMhPHHOsXqeQDnWeCDT3PelUIg/Oy8FAbzSZtFHRjc7IpbfFVmpLtJ+UOoywpRsuO5Jxjybyeg==",
      "dependencies": {
        "@types/sizzle": "*"
      }
    },
    "node_modules/@types/js-cookie": {
      "version": "3.0.6",
      "resolved": "https://registry.npmjs.org/@types/js-cookie/-/js-cookie-3.0.6.tgz",
      "integrity": "sha512-wkw9yd1kEXOPnvEeEV1Go1MmxtBJL0RR79aOTAApecWFVu7w0NNXNqhcWgvw2YgZDYadliXkl14pa3WXw5jlCQ=="
    },
    "node_modules/@types/sizzle": {
      "version": "2.3.8",
      "resolved": "https://registry.npmjs.org/@types/sizzle/-/sizzle-2.3.8.tgz",
      "integrity": "sha512-0vWLNK2D5MT9dg0iOo8GlKguPAU02QjmZitPEsXRuJXU/OGIOt9vT9Fc26wtYuavLxtO45v9PGleoL9Z0k1LHg=="
    }
  }
}
